<?xml version="1.0" encoding="UTF-8" standalone="yes" ?>
<CodeBlocks_project_file>
	<FileVersion major="1" minor="6" />
	<Project>
		<Option title="data_formats" />
		<Option pch_mode="2" />
		<Option compiler="gcc" />
		<Build>
			<Target title="Debug">
				<Option output="bin/Debug/data_formats" prefix_auto="1" extension_auto="1" />
				<Option object_output="obj/Debug/" />
				<Option type="1" />
				<Option compiler="gcc" />
				<Compiler>
					<Add option="-g" />
					<Add directory="libs/iconv-1.9.2.win32/include" />
					<Add directory="libs/libxml2-2.7.8.win32/include" />
				</Compiler>
				<Linker>
					<Add library="libs/libxml2-2.7.8.win32/lib/libxml2.lib" />
					<Add library="libs/libxml2-2.7.8.win32/lib/libxml2_a.lib" />
					<Add library="libs/libxml2-2.7.8.win32/lib/libxml2_a_dll.lib" />
					<Add directory="libs/libxml2-2.7.8.win32/lib" />
				</Linker>
			</Target>
			<Target title="Release">
				<Option output="bin/Release/data_formats" prefix_auto="1" extension_auto="1" />
				<Option object_output="obj/Release/" />
				<Option type="1" />
				<Option compiler="gcc" />
				<Compiler>
					<Add option="-O2" />
				</Compiler>
				<Linker>
					<Add option="-s" />
				</Linker>
			</Target>
		</Build>
		<Compiler>
			<Add option="-Wall" />
		</Compiler>
		<Unit filename="director.c">
			<Option compilerVar="CC" />
		</Unit>
		<Unit filename="director.h" />
		<Unit filename="files/director.csv" />
		<Unit filename="files/director.json" />
		<Unit filename="files/director.xml" />
		<Unit filename="main.c">
			<Option compilerVar="CC" />
		</Unit>
		<Extensions>
			<code_completion />
			<envvars />
			<debugger />
			<lib_finder disable_auto="1" />
		</Extensions>
	</Project>
</CodeBlocks_project_file>
